
Microsoft Visual Studio Solution File, Format Version 12.00
# Visual Studio Version 16
VisualStudioVersion = 16.0.29409.12
MinimumVisualStudioVersion = 10.0.40219.1
Project("{FAE04EC0-301F-11D3-BF4B-00C04F79EFBC}") = "launher", "launher.csproj", "{C55EBA03-BC9F-4FF5-8D39-44486937FE68}"
EndProject
Project("{FAE04EC0-301F-11D3-BF4B-00C04F79EFBC}") = "Updater", "..\..\source\repos\launcher2\Updater\Updater.csproj", "{557C526B-9BB2-46C6-87FB-454C227C2442}"
EndProject
Global
	GlobalSection(SolutionConfigurationPlatforms) = preSolution
		Debug|Any CPU = Debug|Any CPU
		Release|Any CPU = Release|Any CPU
	EndGlobalSection
	GlobalSection(ProjectConfigurationPlatforms) = postSolution
		{C55EBA03-BC9F-4FF5-8D39-44486937FE68}.Debug|Any CPU.ActiveCfg = Debug|Any CPU
		{C55EBA03-BC9F-4FF5-8D39-44486937FE68}.Debug|Any CPU.Build.0 = Debug|Any CPU
		{C55EBA03-BC9F-4FF5-8D39-44486937FE68}.Release|Any CPU.ActiveCfg = Release|Any CPU
		{C55EBA03-BC9F-4FF5-8D39-44486937FE68}.Release|Any CPU.Build.0 = Release|Any CPU
		{557C526B-9BB2-46C6-87FB-454C227C2442}.Debug|Any CPU.ActiveCfg = Debug|Any CPU
		{557C526B-9BB2-46C6-87FB-454C227C2442}.Debug|Any CPU.Build.0 = Debug|Any CPU
		{557C526B-9BB2-46C6-87FB-454C227C2442}.Release|Any CPU.ActiveCfg = Release|Any CPU
		{557C526B-9BB2-46C6-87FB-454C227C2442}.Release|Any CPU.Build.0 = Release|Any CPU
	EndGlobalSection
	GlobalSection(SolutionProperties) = preSolution
		HideSolutionNode = FALSE
	EndGlobalSection
	GlobalSection(ExtensibilityGlobals) = postSolution
		SolutionGuid = {3CC6E79F-9A67-4CBD-AD1A-0D72ADF369DD}
	EndGlobalSection
EndGlobal
